
Microsoft Visual Studio Solution File, Format Version 12.00
# Visual Studio Version 16
VisualStudioVersion = 16.0.31205.134
MinimumVisualStudioVersion = 10.0.40219.1
Project("{FAE04EC0-301F-11D3-BF4B-00C04F79EFBC}") = "Clinic", "Clinic.csproj", "{D10E3C59-67D7-4E82-8D72-97A62E9B05DF}"
EndProject
Global
	GlobalSection(SolutionConfigurationPlatforms) = preSolution
		Debug|Any CPU = Debug|Any CPU
		Release|Any CPU = Release|Any CPU
	EndGlobalSection
	GlobalSection(ProjectConfigurationPlatforms) = postSolution
		{D10E3C59-67D7-4E82-8D72-97A62E9B05DF}.Debug|Any CPU.ActiveCfg = Debug|Any CPU
		{D10E3C59-67D7-4E82-8D72-97A62E9B05DF}.Debug|Any CPU.Build.0 = Debug|Any CPU
		{D10E3C59-67D7-4E82-8D72-97A62E9B05DF}.Release|Any CPU.ActiveCfg = Release|Any CPU
		{D10E3C59-67D7-4E82-8D72-97A62E9B05DF}.Release|Any CPU.Build.0 = Release|Any CPU
	EndGlobalSection
	GlobalSection(SolutionProperties) = preSolution
		HideSolutionNode = FALSE
	EndGlobalSection
	GlobalSection(ExtensibilityGlobals) = postSolution
		SolutionGuid = {94333C46-171A-497B-B9AB-482AF5762AFB}
	EndGlobalSection
EndGlobal
